
Microsoft Visual Studio Solution File, Format Version 12.00
# Visual Studio Version 16
VisualStudioVersion = 16.0.30204.135
MinimumVisualStudioVersion = 10.0.40219.1
Project("{FAE04EC0-301F-11D3-BF4B-00C04F79EFBC}") = "BFoRA", "BFoRA\BFoRA.csproj", "{D131AAA8-B464-43C2-A4EA-36BB16FA6A6A}"
EndProject
Global
	GlobalSection(SolutionConfigurationPlatforms) = preSolution
		Debug|Any CPU = Debug|Any CPU
		Release|Any CPU = Release|Any CPU
	EndGlobalSection
	GlobalSection(ProjectConfigurationPlatforms) = postSolution
		{D131AAA8-B464-43C2-A4EA-36BB16FA6A6A}.Debug|Any CPU.ActiveCfg = Debug|Any CPU
		{D131AAA8-B464-43C2-A4EA-36BB16FA6A6A}.Debug|Any CPU.Build.0 = Debug|Any CPU
		{D131AAA8-B464-43C2-A4EA-36BB16FA6A6A}.Release|Any CPU.ActiveCfg = Release|Any CPU
		{D131AAA8-B464-43C2-A4EA-36BB16FA6A6A}.Release|Any CPU.Build.0 = Release|Any CPU
	EndGlobalSection
	GlobalSection(SolutionProperties) = preSolution
		HideSolutionNode = FALSE
	EndGlobalSection
	GlobalSection(ExtensibilityGlobals) = postSolution
		SolutionGuid = {806A6FC0-69C0-4AEE-BDC3-1BBDD6CF72AC}
	EndGlobalSection
EndGlobal
